
Microsoft Visual Studio Solution File, Format Version 12.00
# Visual Studio Version 17
VisualStudioVersion = 17.11.35208.52
MinimumVisualStudioVersion = 10.0.40219.1
Project("{FAE04EC0-301F-11D3-BF4B-00C04F79EFBC}") = "nemt", "nemt\nemt.csproj", "{7472032F-CFFD-45C7-A53F-3FC4D3BCC3DC}"
EndProject
Global
	GlobalSection(SolutionConfigurationPlatforms) = preSolution
		Debug|Any CPU = Debug|Any CPU
		Release|Any CPU = Release|Any CPU
	EndGlobalSection
	GlobalSection(ProjectConfigurationPlatforms) = postSolution
		{7472032F-CFFD-45C7-A53F-3FC4D3BCC3DC}.Debug|Any CPU.ActiveCfg = Debug|Any CPU
		{7472032F-CFFD-45C7-A53F-3FC4D3BCC3DC}.Debug|Any CPU.Build.0 = Debug|Any CPU
		{7472032F-CFFD-45C7-A53F-3FC4D3BCC3DC}.Release|Any CPU.ActiveCfg = Release|Any CPU
		{7472032F-CFFD-45C7-A53F-3FC4D3BCC3DC}.Release|Any CPU.Build.0 = Release|Any CPU
	EndGlobalSection
	GlobalSection(SolutionProperties) = preSolution
		HideSolutionNode = FALSE
	EndGlobalSection
	GlobalSection(ExtensibilityGlobals) = postSolution
		SolutionGuid = {822746FC-738C-4E7A-A46D-75F5E5DC068B}
	EndGlobalSection
EndGlobal
